
Microsoft Visual Studio Solution File, Format Version 12.00
# Visual Studio 2013
VisualStudioVersion = 12.0.30501.0
MinimumVisualStudioVersion = 10.0.40219.1
Project("{FAE04EC0-301F-11D3-BF4B-00C04F79EFBC}") = "AspNet.HtmlControls", "AspNet.HtmlControls\AspNet.HtmlControls.csproj", "{FED708A4-E6D6-4A9F-AC87-80648C4107EE}"
EndProject
Project("{FAE04EC0-301F-11D3-BF4B-00C04F79EFBC}") = "AspNet.HtmlControls.Sample", "AspNet.HtmlControls.Sample\AspNet.HtmlControls.Sample.csproj", "{A07E670C-416F-4C0D-8813-65E75B4052C8}"
EndProject
Global
	GlobalSection(SolutionConfigurationPlatforms) = preSolution
		Debug|Any CPU = Debug|Any CPU
		Release|Any CPU = Release|Any CPU
	EndGlobalSection
	GlobalSection(ProjectConfigurationPlatforms) = postSolution
		{FED708A4-E6D6-4A9F-AC87-80648C4107EE}.Debug|Any CPU.ActiveCfg = Debug|Any CPU
		{FED708A4-E6D6-4A9F-AC87-80648C4107EE}.Debug|Any CPU.Build.0 = Debug|Any CPU
		{FED708A4-E6D6-4A9F-AC87-80648C4107EE}.Release|Any CPU.ActiveCfg = Release|Any CPU
		{FED708A4-E6D6-4A9F-AC87-80648C4107EE}.Release|Any CPU.Build.0 = Release|Any CPU
		{A07E670C-416F-4C0D-8813-65E75B4052C8}.Debug|Any CPU.ActiveCfg = Debug|Any CPU
		{A07E670C-416F-4C0D-8813-65E75B4052C8}.Debug|Any CPU.Build.0 = Debug|Any CPU
		{A07E670C-416F-4C0D-8813-65E75B4052C8}.Release|Any CPU.ActiveCfg = Release|Any CPU
		{A07E670C-416F-4C0D-8813-65E75B4052C8}.Release|Any CPU.Build.0 = Release|Any CPU
	EndGlobalSection
	GlobalSection(SolutionProperties) = preSolution
		HideSolutionNode = FALSE
	EndGlobalSection
EndGlobal
